Microsoft Visual Studio Solution File, Format Version 12.00
# Visual Studio Version 17
VisualStudioVersion = 17.5.2.0
MinimumVisualStudioVersion = 10.0.40219.1
Project("{FAE04EC0-301F-11D3-BF4B-00C04F79EFBC}") = "VoxMemo", "VoxMemo.csproj", "{B3769A85-95E7-C553-9770-0C0B010F8D2E}"
EndProject
Global
	GlobalSection(SolutionConfigurationPlatforms) = preSolution
		Debug|Any CPU = Debug|Any CPU
		Release|Any CPU = Release|Any CPU
	EndGlobalSection
	GlobalSection(ProjectConfigurationPlatforms) = postSolution
		{B3769A85-95E7-C553-9770-0C0B010F8D2E}.Debug|Any CPU.ActiveCfg = Debug|Any CPU
		{B3769A85-95E7-C553-9770-0C0B010F8D2E}.Debug|Any CPU.Build.0 = Debug|Any CPU
		{B3769A85-95E7-C553-9770-0C0B010F8D2E}.Release|Any CPU.ActiveCfg = Release|Any CPU
		{B3769A85-95E7-C553-9770-0C0B010F8D2E}.Release|Any CPU.Build.0 = Release|Any CPU
	EndGlobalSection
	GlobalSection(SolutionProperties) = preSolution
		HideSolutionNode = FALSE
	EndGlobalSection
	GlobalSection(ExtensibilityGlobals) = postSolution
		SolutionGuid = {9AB9BE1C-A521-4B12-A437-B3393631E7EC}
	EndGlobalSection
EndGlobal
